{
  "name": "@kldit/util-slugify",
  "version": "1.0.0",
  "lockfileVersion": 1,
  "requires": true,
  "dependencies": {
    "@kldit/util-clean-special-chars": {
      "version": "1.0.1",
      "resolved": "https://registry.npmjs.org/@kldit/util-clean-special-chars/-/util-clean-special-chars-1.0.1.tgz",
      "integrity": "sha512-4fAoDbpzEcrtZXQJyzZ6FMsa1VPRjnD0LK1iZRNLXGfVmLf79yVTK2eqqLvqf5PWt+dbiGTuB4pDxL1DLruAPA=="
    }
  }
}
